
Microsoft Visual Studio Solution File, Format Version 12.00
# Visual Studio Version 17
VisualStudioVersion = 17.10.35027.167
MinimumVisualStudioVersion = 10.0.40219.1
Project("{9A19103F-16F7-4668-BE54-9A1E7A4F7556}") = "WEB_253502_Garnik", "WEB_253502_Garnik\WEB_253502_Garnik.csproj", "{28F832E2-78F4-4920-B256-CBF01C2573F6}"
	ProjectSection(ProjectDependencies) = postProject
		{691F6630-5ED1-4B2E-8E36-57DF616536AA} = {691F6630-5ED1-4B2E-8E36-57DF616536AA}
	EndProjectSection
EndProject
Project("{9A19103F-16F7-4668-BE54-9A1E7A4F7556}") = "WEB.Domain", "WEB.Domain\WEB.Domain.csproj", "{691F6630-5ED1-4B2E-8E36-57DF616536AA}"
EndProject
Project("{9A19103F-16F7-4668-BE54-9A1E7A4F7556}") = "WEB.Api", "WEB.Api\WEB.Api.csproj", "{156ABC74-509A-4D79-B052-951CE3AD1C5A}"
	ProjectSection(ProjectDependencies) = postProject
		{691F6630-5ED1-4B2E-8E36-57DF616536AA} = {691F6630-5ED1-4B2E-8E36-57DF616536AA}
	EndProjectSection
EndProject
Project("{9A19103F-16F7-4668-BE54-9A1E7A4F7556}") = "WEB.Tests", "WEB.Tests\WEB.Tests.csproj", "{494EC5B7-4637-4B73-A54E-753162C865D3}"
EndProject
Project("{9A19103F-16F7-4668-BE54-9A1E7A4F7556}") = "WEB.Blazor.SSR", "WEB.Blazor.SSR\WEB.Blazor.SSR.csproj", "{394A402E-A2E5-4E5A-9185-AA5559DBBF1D}"
EndProject
Project("{9A19103F-16F7-4668-BE54-9A1E7A4F7556}") = "WEB.BlazorWASM", "WEB.BlazorWASM\WEB.BlazorWASM.csproj", "{FECED6A6-8F7E-44F2-81A7-BEBA38C266B7}"
EndProject
Global
	GlobalSection(SolutionConfigurationPlatforms) = preSolution
		Debug|Any CPU = Debug|Any CPU
		Release|Any CPU = Release|Any CPU
	EndGlobalSection
	GlobalSection(ProjectConfigurationPlatforms) = postSolution
		{28F832E2-78F4-4920-B256-CBF01C2573F6}.Debug|Any CPU.ActiveCfg = Debug|Any CPU
		{28F832E2-78F4-4920-B256-CBF01C2573F6}.Debug|Any CPU.Build.0 = Debug|Any CPU
		{28F832E2-78F4-4920-B256-CBF01C2573F6}.Release|Any CPU.ActiveCfg = Release|Any CPU
		{28F832E2-78F4-4920-B256-CBF01C2573F6}.Release|Any CPU.Build.0 = Release|Any CPU
		{691F6630-5ED1-4B2E-8E36-57DF616536AA}.Debug|Any CPU.ActiveCfg = Debug|Any CPU
		{691F6630-5ED1-4B2E-8E36-57DF616536AA}.Debug|Any CPU.Build.0 = Debug|Any CPU
		{691F6630-5ED1-4B2E-8E36-57DF616536AA}.Release|Any CPU.ActiveCfg = Release|Any CPU
		{691F6630-5ED1-4B2E-8E36-57DF616536AA}.Release|Any CPU.Build.0 = Release|Any CPU
		{156ABC74-509A-4D79-B052-951CE3AD1C5A}.Debug|Any CPU.ActiveCfg = Debug|Any CPU
		{156ABC74-509A-4D79-B052-951CE3AD1C5A}.Debug|Any CPU.Build.0 = Debug|Any CPU
		{156ABC74-509A-4D79-B052-951CE3AD1C5A}.Release|Any CPU.ActiveCfg = Release|Any CPU
		{156ABC74-509A-4D79-B052-951CE3AD1C5A}.Release|Any CPU.Build.0 = Release|Any CPU
		{494EC5B7-4637-4B73-A54E-753162C865D3}.Debug|Any CPU.ActiveCfg = Debug|Any CPU
		{494EC5B7-4637-4B73-A54E-753162C865D3}.Debug|Any CPU.Build.0 = Debug|Any CPU
		{494EC5B7-4637-4B73-A54E-753162C865D3}.Release|Any CPU.ActiveCfg = Release|Any CPU
		{494EC5B7-4637-4B73-A54E-753162C865D3}.Release|Any CPU.Build.0 = Release|Any CPU
		{394A402E-A2E5-4E5A-9185-AA5559DBBF1D}.Debug|Any CPU.ActiveCfg = Debug|Any CPU
		{394A402E-A2E5-4E5A-9185-AA5559DBBF1D}.Debug|Any CPU.Build.0 = Debug|Any CPU
		{394A402E-A2E5-4E5A-9185-AA5559DBBF1D}.Release|Any CPU.ActiveCfg = Release|Any CPU
		{394A402E-A2E5-4E5A-9185-AA5559DBBF1D}.Release|Any CPU.Build.0 = Release|Any CPU
		{FECED6A6-8F7E-44F2-81A7-BEBA38C266B7}.Debug|Any CPU.ActiveCfg = Debug|Any CPU
		{FECED6A6-8F7E-44F2-81A7-BEBA38C266B7}.Debug|Any CPU.Build.0 = Debug|Any CPU
		{FECED6A6-8F7E-44F2-81A7-BEBA38C266B7}.Release|Any CPU.ActiveCfg = Release|Any CPU
		{FECED6A6-8F7E-44F2-81A7-BEBA38C266B7}.Release|Any CPU.Build.0 = Release|Any CPU
	EndGlobalSection
	GlobalSection(SolutionProperties) = preSolution
		HideSolutionNode = FALSE
	EndGlobalSection
	GlobalSection(ExtensibilityGlobals) = postSolution
		SolutionGuid = {135AEEF4-2FF1-41AE-8926-2C3809799295}
	EndGlobalSection
EndGlobal
